// !$*UTF8*$!
{
	archiveVersion = 1;
	classes = {
	};
	objectVersion = 51;
	objects = {

/* Begin PBXBuildFile section */
		2BEBA1AFA8938F9F7CCCECDC /* Pods_Na_at_Proto2.framework in Frameworks */ = {isa = PBXBuildFile; fileRef = 067168FF2BEFFBF426DA2C8E /* Pods_Na_at_Proto2.framework */; };
		640DBD3F275934FB00DCA3C6 /* ActivityRecordViewCell.swift in Sources */ = {isa = PBXBuildFile; fileRef = 640DBD3D275934FB00DCA3C6 /* ActivityRecordViewCell.swift */; };
		640DBD40275934FB00DCA3C6 /* ActivityRecordViewCell.xib in Resources */ = {isa = PBXBuildFile; fileRef = 640DBD3E275934FB00DCA3C6 /* ActivityRecordViewCell.xib */; };
		6419F7A9275AD11100A938BF /* HeaderActivityRecordViewCell.swift in Sources */ = {isa = PBXBuildFile; fileRef = 6419F7A7275AD11100A938BF /* HeaderActivityRecordViewCell.swift */; };
		6419F7AA275AD11100A938BF /* HeaderActivityRecordViewCell.xib in Resources */ = {isa = PBXBuildFile; fileRef = 6419F7A8275AD11100A938BF /* HeaderActivityRecordViewCell.xib */; };
		642989082750164F00871D0A /* NotificationsCellTableViewCell.swift in Sources */ = {isa = PBXBuildFile; fileRef = 642989062750164F00871D0A /* NotificationsCellTableViewCell.swift */; };
		642989092750164F00871D0A /* NotificationsCellTableViewCell.xib in Resources */ = {isa = PBXBuildFile; fileRef = 642989072750164F00871D0A /* NotificationsCellTableViewCell.xib */; };
		642BDC37273C983800464BA6 /* GoogleService-Info.plist in Resources */ = {isa = PBXBuildFile; fileRef = 642BDC36273C983800464BA6 /* GoogleService-Info.plist */; };
		6469772A2757CEF90006EF01 /* HoursRecordedScreenViewController.swift in Sources */ = {isa = PBXBuildFile; fileRef = 646977292757CEF90006EF01 /* HoursRecordedScreenViewController.swift */; };
		646F019627610CEC00C54D78 /* HeaderLastDayRecordView.swift in Sources */ = {isa = PBXBuildFile; fileRef = 646F019427610CEC00C54D78 /* HeaderLastDayRecordView.swift */; };
		646F019727610CEC00C54D78 /* HeaderLastDayRecordView.xib in Resources */ = {isa = PBXBuildFile; fileRef = 646F019527610CEC00C54D78 /* HeaderLastDayRecordView.xib */; };
		646FE8502762FF2D00F53E4D /* ResumeCellTableViewCell.swift in Sources */ = {isa = PBXBuildFile; fileRef = 646FE84E2762FF2D00F53E4D /* ResumeCellTableViewCell.swift */; };
		646FE8512762FF2D00F53E4D /* ResumeCellTableViewCell.xib in Resources */ = {isa = PBXBuildFile; fileRef = 646FE84F2762FF2D00F53E4D /* ResumeCellTableViewCell.xib */; };
		646FE854276317D900F53E4D /* HeaderResumeTableViewCell.swift in Sources */ = {isa = PBXBuildFile; fileRef = 646FE852276317D900F53E4D /* HeaderResumeTableViewCell.swift */; };
		646FE855276317D900F53E4D /* HeaderResumeTableViewCell.xib in Resources */ = {isa = PBXBuildFile; fileRef = 646FE853276317D900F53E4D /* HeaderResumeTableViewCell.xib */; };
		647AC6CE2744751000EA81DB /* GenericViewController.swift in Sources */ = {isa = PBXBuildFile; fileRef = 647AC6CD2744751000EA81DB /* GenericViewController.swift */; };
		648368B0273EBBFD00C9F570 /* ClientsViewController.swift in Sources */ = {isa = PBXBuildFile; fileRef = 648368AF273EBBFD00C9F570 /* ClientsViewController.swift */; };
		648368B3273ECB7700C9F570 /* ProjectsTableViewCell.swift in Sources */ = {isa = PBXBuildFile; fileRef = 648368B1273ECB7700C9F570 /* ProjectsTableViewCell.swift */; };
		648368B4273ECB7700C9F570 /* ProjectsTableViewCell.xib in Resources */ = {isa = PBXBuildFile; fileRef = 648368B2273ECB7700C9F570 /* ProjectsTableViewCell.xib */; };
		648368B7273EF5A900C9F570 /* CellActivitiesTableViewCell.swift in Sources */ = {isa = PBXBuildFile; fileRef = 648368B5273EF5A900C9F570 /* CellActivitiesTableViewCell.swift */; };
		648368B8273EF5A900C9F570 /* CellActivitiesTableViewCell.xib in Resources */ = {isa = PBXBuildFile; fileRef = 648368B6273EF5A900C9F570 /* CellActivitiesTableViewCell.xib */; };
		648368BA273EF6CF00C9F570 /* ProjectsViewController.swift in Sources */ = {isa = PBXBuildFile; fileRef = 648368B9273EF6CF00C9F570 /* ProjectsViewController.swift */; };
		648368BC273F2E6A00C9F570 /* ActivityHourViewController.swift in Sources */ = {isa = PBXBuildFile; fileRef = 648368BB273F2E6A00C9F570 /* ActivityHourViewController.swift */; };
		64870595273AC9FD00670137 /* AppDelegate.swift in Sources */ = {isa = PBXBuildFile; fileRef = 64870594273AC9FD00670137 /* AppDelegate.swift */; };
		64870597273AC9FD00670137 /* SceneDelegate.swift in Sources */ = {isa = PBXBuildFile; fileRef = 64870596273AC9FD00670137 /* SceneDelegate.swift */; };
		64870599273AC9FD00670137 /* ViewController.swift in Sources */ = {isa = PBXBuildFile; fileRef = 64870598273AC9FD00670137 /* ViewController.swift */; };
		6487059C273AC9FD00670137 /* Main.storyboard in Resources */ = {isa = PBXBuildFile; fileRef = 6487059A273AC9FD00670137 /* Main.storyboard */; };
		6487059E273AC9FE00670137 /* Assets.xcassets in Resources */ = {isa = PBXBuildFile; fileRef = 6487059D273AC9FE00670137 /* Assets.xcassets */; };
		648705A1273AC9FE00670137 /* LaunchScreen.storyboard in Resources */ = {isa = PBXBuildFile; fileRef = 6487059F273AC9FE00670137 /* LaunchScreen.storyboard */; };
		648705AC273AC9FE00670137 /* Na_at_Proto2Tests.swift in Sources */ = {isa = PBXBuildFile; fileRef = 648705AB273AC9FE00670137 /* Na_at_Proto2Tests.swift */; };
		648705B7273AC9FE00670137 /* Na_at_Proto2UITests.swift in Sources */ = {isa = PBXBuildFile; fileRef = 648705B6273AC9FE00670137 /* Na_at_Proto2UITests.swift */; };
		648705CD273AE69A00670137 /* CustomTableViewCell.swift in Sources */ = {isa = PBXBuildFile; fileRef = 648705CB273AE69A00670137 /* CustomTableViewCell.swift */; };
		648705CE273AE69A00670137 /* CustomTableViewCell.xib in Resources */ = {isa = PBXBuildFile; fileRef = 648705CC273AE69A00670137 /* CustomTableViewCell.xib */; };
		648705D8273AF1A500670137 /* ContentHeaders.swift in Sources */ = {isa = PBXBuildFile; fileRef = 648705D7273AF1A500670137 /* ContentHeaders.swift */; };
		648705DA273AF1B300670137 /* ContentHeaders.xib in Resources */ = {isa = PBXBuildFile; fileRef = 648705D9273AF1B300670137 /* ContentHeaders.xib */; };
		648705DC273AFD1300670137 /* LoginViewController.swift in Sources */ = {isa = PBXBuildFile; fileRef = 648705DB273AFD1300670137 /* LoginViewController.swift */; };
		648705DE273AFE3F00670137 /* ViewControllerRoot.swift in Sources */ = {isa = PBXBuildFile; fileRef = 648705DD273AFE3F00670137 /* ViewControllerRoot.swift */; };
		648705E0273B0C1D00670137 /* MainTabViewController.swift in Sources */ = {isa = PBXBuildFile; fileRef = 648705DF273B0C1D00670137 /* MainTabViewController.swift */; };
		648705E2273B1E4D00670137 /* Service.swift in Sources */ = {isa = PBXBuildFile; fileRef = 648705E1273B1E4D00670137 /* Service.swift */; };
		648705E4273B2E0000670137 /* Structure.swift in Sources */ = {isa = PBXBuildFile; fileRef = 648705E3273B2DFF00670137 /* Structure.swift */; };
		648B8139274833EC00690F97 /* UnderlineText.swift in Sources */ = {isa = PBXBuildFile; fileRef = 648B8138274833EC00690F97 /* UnderlineText.swift */; };
		648B9174274DA12700CD65C4 /* SecondHeaderView.swift in Sources */ = {isa = PBXBuildFile; fileRef = 648B9172274DA12700CD65C4 /* SecondHeaderView.swift */; };
		648B9175274DA12700CD65C4 /* SecondHeaderView.xib in Resources */ = {isa = PBXBuildFile; fileRef = 648B9173274DA12700CD65C4 /* SecondHeaderView.xib */; };
		648B9178274DB5BA00CD65C4 /* HeaderDateView.swift in Sources */ = {isa = PBXBuildFile; fileRef = 648B9176274DB5BA00CD65C4 /* HeaderDateView.swift */; };
		648B9179274DB5BA00CD65C4 /* HeaderDateView.xib in Resources */ = {isa = PBXBuildFile; fileRef = 648B9177274DB5BA00CD65C4 /* HeaderDateView.xib */; };
		64A2A116273DAF2100002EE1 /* NewsDetailViewController.swift in Sources */ = {isa = PBXBuildFile; fileRef = 64A2A115273DAF2100002EE1 /* NewsDetailViewController.swift */; };
		64A2A12F273DE58E00002EE1 /* NunitoItalic.ttf in Resources */ = {isa = PBXBuildFile; fileRef = 64A2A128273DE58E00002EE1 /* NunitoItalic.ttf */; };
		64A2A130273DE58E00002EE1 /* Proxima_Nova.ttf in Resources */ = {isa = PBXBuildFile; fileRef = 64A2A129273DE58E00002EE1 /* Proxima_Nova.ttf */; };
		64A2A131273DE58E00002EE1 /* Europa_Bold.ttf in Resources */ = {isa = PBXBuildFile; fileRef = 64A2A12A273DE58E00002EE1 /* Europa_Bold.ttf */; };
		64A2A132273DE58E00002EE1 /* NunitoRegular.ttf in Resources */ = {isa = PBXBuildFile; fileRef = 64A2A12B273DE58E00002EE1 /* NunitoRegular.ttf */; };
		64A2A133273DE58E00002EE1 /* ProximaNova_Regular.ttf in Resources */ = {isa = PBXBuildFile; fileRef = 64A2A12C273DE58E00002EE1 /* ProximaNova_Regular.ttf */; };
		64A2A134273DE58E00002EE1 /* Proxima_Nova_Sbold.otf in Resources */ = {isa = PBXBuildFile; fileRef = 64A2A12D273DE58E00002EE1 /* Proxima_Nova_Sbold.otf */; };
		64A2A135273DE58E00002EE1 /* NunitoSemibold.ttf in Resources */ = {isa = PBXBuildFile; fileRef = 64A2A12E273DE58E00002EE1 /* NunitoSemibold.ttf */; };
		64A3B3562746CA8A001B8990 /* CellActivityResumeTableViewCell.swift in Sources */ = {isa = PBXBuildFile; fileRef = 64A3B3542746CA8A001B8990 /* CellActivityResumeTableViewCell.swift */; };
		64A3B3572746CA8A001B8990 /* CellActivityResumeTableViewCell.xib in Resources */ = {isa = PBXBuildFile; fileRef = 64A3B3552746CA8A001B8990 /* CellActivityResumeTableViewCell.xib */; };
		64A3B3592746D62D001B8990 /* GlobalParameters.swift in Sources */ = {isa = PBXBuildFile; fileRef = 64A3B3582746D62D001B8990 /* GlobalParameters.swift */; };
		64A591E72745794500A4513D /* HeaderTableViewCell.swift in Sources */ = {isa = PBXBuildFile; fileRef = 64A591E52745794500A4513D /* HeaderTableViewCell.swift */; };
		64A591E82745794500A4513D /* HeaderTableViewCell.xib in Resources */ = {isa = PBXBuildFile; fileRef = 64A591E62745794500A4513D /* HeaderTableViewCell.xib */; };
		64A591EA2745841D00A4513D /* ResumeActivityViewController.swift in Sources */ = {isa = PBXBuildFile; fileRef = 64A591E92745841D00A4513D /* ResumeActivityViewController.swift */; };
		64AAE669273C3B3D00619D19 /* ActyvityViewController.swift in Sources */ = {isa = PBXBuildFile; fileRef = 64AAE668273C3B3D00619D19 /* ActyvityViewController.swift */; };
		64AAE66B273C3C0200619D19 /* NotificationsViewController.swift in Sources */ = {isa = PBXBuildFile; fileRef = 64AAE66A273C3C0200619D19 /* NotificationsViewController.swift */; };
		64F1A15D275A5FDA0078D1F4 /* ErrorsViewController.swift in Sources */ = {isa = PBXBuildFile; fileRef = 64F1A15B275A5FDA0078D1F4 /* ErrorsViewController.swift */; };
		64F1A15E275A5FDA0078D1F4 /* ErrorsViewController.xib in Resources */ = {isa = PBXBuildFile; fileRef = 64F1A15C275A5FDA0078D1F4 /* ErrorsViewController.xib */; };
		64F1A162275A6B150078D1F4 /* Tools.swift in Sources */ = {isa = PBXBuildFile; fileRef = 64F1A161275A6B150078D1F4 /* Tools.swift */; };
		AF6DDF7AADD3F24A842BC51B /* Pods_Na_at_Proto2_Na_at_Proto2UITests.framework in Frameworks */ = {isa = PBXBuildFile; fileRef = E39FB0A1B0DC51579181F375 /* Pods_Na_at_Proto2_Na_at_Proto2UITests.framework */; };
		B4EC3238306B53FE85CDEEBA /* Pods_Na_at_Proto2Tests.framework in Frameworks */ = {isa = PBXBuildFile; fileRef = 6978C9A1EFE695430AE6D976 /* Pods_Na_at_Proto2Tests.framework */; };
/* End PBXBuildFile section */

/* Begin PBXContainerItemProxy section */
		648705A8273AC9FE00670137 /* PBXContainerItemProxy */ = {
			isa = PBXContainerItemProxy;
			containerPortal = 64870589273AC9FD00670137 /* Project object */;
			proxyType = 1;
			remoteGlobalIDString = 64870590273AC9FD00670137;
			remoteInfo = "Na-at Proto2";
		};
		648705B3273AC9FE00670137 /* PBXContainerItemProxy */ = {
			isa = PBXContainerItemProxy;
			containerPortal = 64870589273AC9FD00670137 /* Project object */;
			proxyType = 1;
			remoteGlobalIDString = 64870590273AC9FD00670137;
			remoteInfo = "Na-at Proto2";
		};
/* End PBXContainerItemProxy section */

/* Begin PBXFileReference section */
		067168FF2BEFFBF426DA2C8E /* Pods_Na_at_Proto2.framework */ = {isa = PBXFileReference; explicitFileType = wrapper.framework; includeInIndex = 0; path = Pods_Na_at_Proto2.framework; sourceTree = BUILT_PRODUCTS_DIR; };
		0C173344FF19E59A6C94BC57 /* Pods-Na-at Proto2Tests.release.xcconfig */ = {isa = PBXFileReference; includeInIndex = 1; lastKnownFileType = text.xcconfig; name = "Pods-Na-at Proto2Tests.release.xcconfig"; path = "Target Support Files/Pods-Na-at Proto2Tests/Pods-Na-at Proto2Tests.release.xcconfig"; sourceTree = "<group>"; };
		47E500F01AEBBC2B0CBFC224 /* Pods-Na-at Proto2Tests.debug.xcconfig */ = {isa = PBXFileReference; includeInIndex = 1; lastKnownFileType = text.xcconfig; name = "Pods-Na-at Proto2Tests.debug.xcconfig"; path = "Target Support Files/Pods-Na-at Proto2Tests/Pods-Na-at Proto2Tests.debug.xcconfig"; sourceTree = "<group>"; };
		489D90AECFEA87913B0DF60D /* Pods-Na-at Proto2-Na-at Proto2UITests.release.xcconfig */ = {isa = PBXFileReference; includeInIndex = 1; lastKnownFileType = text.xcconfig; name = "Pods-Na-at Proto2-Na-at Proto2UITests.release.xcconfig"; path = "Target Support Files/Pods-Na-at Proto2-Na-at Proto2UITests/Pods-Na-at Proto2-Na-at Proto2UITests.release.xcconfig"; sourceTree = "<group>"; };
		640DBD3D275934FB00DCA3C6 /* ActivityRecordViewCell.swift */ = {isa = PBXFileReference; lastKnownFileType = sourcecode.swift; path = ActivityRecordViewCell.swift; sourceTree = "<group>"; };
		640DBD3E275934FB00DCA3C6 /* ActivityRecordViewCell.xib */ = {isa = PBXFileReference; lastKnownFileType = file.xib; path = ActivityRecordViewCell.xib; sourceTree = "<group>"; };
		6419F7A7275AD11100A938BF /* HeaderActivityRecordViewCell.swift */ = {isa = PBXFileReference; lastKnownFileType = sourcecode.swift; path = HeaderActivityRecordViewCell.swift; sourceTree = "<group>"; };
		6419F7A8275AD11100A938BF /* HeaderActivityRecordViewCell.xib */ = {isa = PBXFileReference; lastKnownFileType = file.xib; path = HeaderActivityRecordViewCell.xib; sourceTree = "<group>"; };
		642989062750164F00871D0A /* NotificationsCellTableViewCell.swift */ = {isa = PBXFileReference; lastKnownFileType = sourcecode.swift; path = NotificationsCellTableViewCell.swift; sourceTree = "<group>"; };
		642989072750164F00871D0A /* NotificationsCellTableViewCell.xib */ = {isa = PBXFileReference; lastKnownFileType = file.xib; path = NotificationsCellTableViewCell.xib; sourceTree = "<group>"; };
		642BDC36273C983800464BA6 /* GoogleService-Info.plist */ = {isa = PBXFileReference; fileEncoding = 4; lastKnownFileType = text.plist.xml; path = "GoogleService-Info.plist"; sourceTree = "<group>"; };
		646977292757CEF90006EF01 /* HoursRecordedScreenViewController.swift */ = {isa = PBXFileReference; lastKnownFileType = sourcecode.swift; path = HoursRecordedScreenViewController.swift; sourceTree = "<group>"; };
		646F019427610CEC00C54D78 /* HeaderLastDayRecordView.swift */ = {isa = PBXFileReference; lastKnownFileType = sourcecode.swift; path = HeaderLastDayRecordView.swift; sourceTree = "<group>"; };
		646F019527610CEC00C54D78 /* HeaderLastDayRecordView.xib */ = {isa = PBXFileReference; lastKnownFileType = file.xib; path = HeaderLastDayRecordView.xib; sourceTree = "<group>"; };
		646FE84E2762FF2D00F53E4D /* ResumeCellTableViewCell.swift */ = {isa = PBXFileReference; lastKnownFileType = sourcecode.swift; path = ResumeCellTableViewCell.swift; sourceTree = "<group>"; };
		646FE84F2762FF2D00F53E4D /* ResumeCellTableViewCell.xib */ = {isa = PBXFileReference; lastKnownFileType = file.xib; path = ResumeCellTableViewCell.xib; sourceTree = "<group>"; };
		646FE852276317D900F53E4D /* HeaderResumeTableViewCell.swift */ = {isa = PBXFileReference; lastKnownFileType = sourcecode.swift; path = HeaderResumeTableViewCell.swift; sourceTree = "<group>"; };
		646FE853276317D900F53E4D /* HeaderResumeTableViewCell.xib */ = {isa = PBXFileReference; lastKnownFileType = file.xib; path = HeaderResumeTableViewCell.xib; sourceTree = "<group>"; };
		647AC6CD2744751000EA81DB /* GenericViewController.swift */ = {isa = PBXFileReference; lastKnownFileType = sourcecode.swift; path = GenericViewController.swift; sourceTree = "<group>"; };
		648368AF273EBBFD00C9F570 /* ClientsViewController.swift */ = {isa = PBXFileReference; lastKnownFileType = sourcecode.swift; path = ClientsViewController.swift; sourceTree = "<group>"; };
		648368B1273ECB7700C9F570 /* ProjectsTableViewCell.swift */ = {isa = PBXFileReference; lastKnownFileType = sourcecode.swift; path = ProjectsTableViewCell.swift; sourceTree = "<group>"; };
		648368B2273ECB7700C9F570 /* ProjectsTableViewCell.xib */ = {isa = PBXFileReference; lastKnownFileType = file.xib; path = ProjectsTableViewCell.xib; sourceTree = "<group>"; };
		648368B5273EF5A900C9F570 /* CellActivitiesTableViewCell.swift */ = {isa = PBXFileReference; lastKnownFileType = sourcecode.swift; path = CellActivitiesTableViewCell.swift; sourceTree = "<group>"; };
		648368B6273EF5A900C9F570 /* CellActivitiesTableViewCell.xib */ = {isa = PBXFileReference; lastKnownFileType = file.xib; path = CellActivitiesTableViewCell.xib; sourceTree = "<group>"; };
		648368B9273EF6CF00C9F570 /* ProjectsViewController.swift */ = {isa = PBXFileReference; lastKnownFileType = sourcecode.swift; path = ProjectsViewController.swift; sourceTree = "<group>"; };
		648368BB273F2E6A00C9F570 /* ActivityHourViewController.swift */ = {isa = PBXFileReference; lastKnownFileType = sourcecode.swift; path = ActivityHourViewController.swift; sourceTree = "<group>"; };
		64870591273AC9FD00670137 /* Na-at Proto2.app */ = {isa = PBXFileReference; explicitFileType = wrapper.application; includeInIndex = 0; path = "Na-at Proto2.app"; sourceTree = BUILT_PRODUCTS_DIR; };
		64870594273AC9FD00670137 /* AppDelegate.swift */ = {isa = PBXFileReference; lastKnownFileType = sourcecode.swift; path = AppDelegate.swift; sourceTree = "<group>"; };
		64870596273AC9FD00670137 /* SceneDelegate.swift */ = {isa = PBXFileReference; lastKnownFileType = sourcecode.swift; path = SceneDelegate.swift; sourceTree = "<group>"; };
		64870598273AC9FD00670137 /* ViewController.swift */ = {isa = PBXFileReference; lastKnownFileType = sourcecode.swift; path = ViewController.swift; sourceTree = "<group>"; };
		6487059B273AC9FD00670137 /* Base */ = {isa = PBXFileReference; lastKnownFileType = file.storyboard; name = Base; path = Base.lproj/Main.storyboard; sourceTree = "<group>"; };
		6487059D273AC9FE00670137 /* Assets.xcassets */ = {isa = PBXFileReference; lastKnownFileType = folder.assetcatalog; path = Assets.xcassets; sourceTree = "<group>"; };
		648705A0273AC9FE00670137 /* Base */ = {isa = PBXFileReference; lastKnownFileType = file.storyboard; name = Base; path = Base.lproj/LaunchScreen.storyboard; sourceTree = "<group>"; };
		648705A7273AC9FE00670137 /* Na-at Proto2Tests.xctest */ = {isa = PBXFileReference; explicitFileType = wrapper.cfbundle; includeInIndex = 0; path = "Na-at Proto2Tests.xctest"; sourceTree = BUILT_PRODUCTS_DIR; };
		648705AB273AC9FE00670137 /* Na_at_Proto2Tests.swift */ = {isa = PBXFileReference; lastKnownFileType = sourcecode.swift; path = Na_at_Proto2Tests.swift; sourceTree = "<group>"; };
		648705AD273AC9FE00670137 /* Info.plist */ = {isa = PBXFileReference; lastKnownFileType = text.plist.xml; path = Info.plist; sourceTree = "<group>"; };
		648705B2273AC9FE00670137 /* Na-at Proto2UITests.xctest */ = {isa = PBXFileReference; explicitFileType = wrapper.cfbundle; includeInIndex = 0; path = "Na-at Proto2UITests.xctest"; sourceTree = BUILT_PRODUCTS_DIR; };
		648705B6273AC9FE00670137 /* Na_at_Proto2UITests.swift */ = {isa = PBXFileReference; lastKnownFileType = sourcecode.swift; path = Na_at_Proto2UITests.swift; sourceTree = "<group>"; };
		648705B8273AC9FE00670137 /* Info.plist */ = {isa = PBXFileReference; lastKnownFileType = text.plist.xml; path = Info.plist; sourceTree = "<group>"; };
		648705CB273AE69A00670137 /* CustomTableViewCell.swift */ = {isa = PBXFileReference; lastKnownFileType = sourcecode.swift; path = CustomTableViewCell.swift; sourceTree = "<group>"; };
		648705CC273AE69A00670137 /* CustomTableViewCell.xib */ = {isa = PBXFileReference; lastKnownFileType = file.xib; path = CustomTableViewCell.xib; sourceTree = "<group>"; };
		648705D7273AF1A500670137 /* ContentHeaders.swift */ = {isa = PBXFileReference; lastKnownFileType = sourcecode.swift; path = ContentHeaders.swift; sourceTree = "<group>"; };
		648705D9273AF1B300670137 /* ContentHeaders.xib */ = {isa = PBXFileReference; lastKnownFileType = file.xib; path = ContentHeaders.xib; sourceTree = "<group>"; };
		648705DB273AFD1300670137 /* LoginViewController.swift */ = {isa = PBXFileReference; lastKnownFileType = sourcecode.swift; path = LoginViewController.swift; sourceTree = "<group>"; };
		648705DD273AFE3F00670137 /* ViewControllerRoot.swift */ = {isa = PBXFileReference; lastKnownFileType = sourcecode.swift; path = ViewControllerRoot.swift; sourceTree = "<group>"; };
		648705DF273B0C1D00670137 /* MainTabViewController.swift */ = {isa = PBXFileReference; lastKnownFileType = sourcecode.swift; path = MainTabViewController.swift; sourceTree = "<group>"; };
		648705E1273B1E4D00670137 /* Service.swift */ = {isa = PBXFileReference; lastKnownFileType = sourcecode.swift; path = Service.swift; sourceTree = "<group>"; };
		648705E3273B2DFF00670137 /* Structure.swift */ = {isa = PBXFileReference; lastKnownFileType = sourcecode.swift; path = Structure.swift; sourceTree = "<group>"; };
		648B81332748022F00690F97 /* Colours.xcassets */ = {isa = PBXFileReference; lastKnownFileType = folder.assetcatalog; name = Colours.xcassets; path = ../../../../Downloads/Colours.xcassets; sourceTree = "<group>"; };
		648B8138274833EC00690F97 /* UnderlineText.swift */ = {isa = PBXFileReference; lastKnownFileType = sourcecode.swift; path = UnderlineText.swift; sourceTree = "<group>"; };
		648B9172274DA12700CD65C4 /* SecondHeaderView.swift */ = {isa = PBXFileReference; lastKnownFileType = sourcecode.swift; path = SecondHeaderView.swift; sourceTree = "<group>"; };
		648B9173274DA12700CD65C4 /* SecondHeaderView.xib */ = {isa = PBXFileReference; lastKnownFileType = file.xib; path = SecondHeaderView.xib; sourceTree = "<group>"; };
		648B9176274DB5BA00CD65C4 /* HeaderDateView.swift */ = {isa = PBXFileReference; lastKnownFileType = sourcecode.swift; path = HeaderDateView.swift; sourceTree = "<group>"; };
		648B9177274DB5BA00CD65C4 /* HeaderDateView.xib */ = {isa = PBXFileReference; lastKnownFileType = file.xib; path = HeaderDateView.xib; sourceTree = "<group>"; };
		64A2A115273DAF2100002EE1 /* NewsDetailViewController.swift */ = {isa = PBXFileReference; lastKnownFileType = sourcecode.swift; path = NewsDetailViewController.swift; sourceTree = "<group>"; };
		64A2A128273DE58E00002EE1 /* NunitoItalic.ttf */ = {isa = PBXFileReference; lastKnownFileType = file; name = NunitoItalic.ttf; path = ../../../../../Downloads/founts/NunitoItalic.ttf; sourceTree = "<group>"; };
		64A2A129273DE58E00002EE1 /* Proxima_Nova.ttf */ = {isa = PBXFileReference; lastKnownFileType = file; name = Proxima_Nova.ttf; path = ../../../../../Downloads/founts/Proxima_Nova.ttf; sourceTree = "<group>"; };
		64A2A12A273DE58E00002EE1 /* Europa_Bold.ttf */ = {isa = PBXFileReference; lastKnownFileType = file; name = Europa_Bold.ttf; path = ../../../../../Downloads/founts/Europa_Bold.ttf; sourceTree = "<group>"; };
		64A2A12B273DE58E00002EE1 /* NunitoRegular.ttf */ = {isa = PBXFileReference; lastKnownFileType = file; name = NunitoRegular.ttf; path = ../../../../../Downloads/founts/NunitoRegular.ttf; sourceTree = "<group>"; };
		64A2A12C273DE58E00002EE1 /* ProximaNova_Regular.ttf */ = {isa = PBXFileReference; lastKnownFileType = file; name = ProximaNova_Regular.ttf; path = ../../../../../Downloads/founts/ProximaNova_Regular.ttf; sourceTree = "<group>"; };
		64A2A12D273DE58E00002EE1 /* Proxima_Nova_Sbold.otf */ = {isa = PBXFileReference; lastKnownFileType = file; name = Proxima_Nova_Sbold.otf; path = ../../../../../Downloads/founts/Proxima_Nova_Sbold.otf; sourceTree = "<group>"; };
		64A2A12E273DE58E00002EE1 /* NunitoSemibold.ttf */ = {isa = PBXFileReference; lastKnownFileType = file; name = NunitoSemibold.ttf; path = ../../../../../Downloads/founts/NunitoSemibold.ttf; sourceTree = "<group>"; };
		64A3B3542746CA8A001B8990 /* CellActivityResumeTableViewCell.swift */ = {isa = PBXFileReference; lastKnownFileType = sourcecode.swift; path = CellActivityResumeTableViewCell.swift; sourceTree = "<group>"; };
		64A3B3552746CA8A001B8990 /* CellActivityResumeTableViewCell.xib */ = {isa = PBXFileReference; lastKnownFileType = file.xib; path = CellActivityResumeTableViewCell.xib; sourceTree = "<group>"; };
		64A3B3582746D62D001B8990 /* GlobalParameters.swift */ = {isa = PBXFileReference; lastKnownFileType = sourcecode.swift; path = GlobalParameters.swift; sourceTree = "<group>"; };
		64A591E52745794500A4513D /* HeaderTableViewCell.swift */ = {isa = PBXFileReference; lastKnownFileType = sourcecode.swift; path = HeaderTableViewCell.swift; sourceTree = "<group>"; };
		64A591E62745794500A4513D /* HeaderTableViewCell.xib */ = {isa = PBXFileReference; lastKnownFileType = file.xib; path = HeaderTableViewCell.xib; sourceTree = "<group>"; };
		64A591E92745841D00A4513D /* ResumeActivityViewController.swift */ = {isa = PBXFileReference; lastKnownFileType = sourcecode.swift; path = ResumeActivityViewController.swift; sourceTree = "<group>"; };
		64AAE668273C3B3D00619D19 /* ActyvityViewController.swift */ = {isa = PBXFileReference; lastKnownFileType = sourcecode.swift; path = ActyvityViewController.swift; sourceTree = "<group>"; };
		64AAE66A273C3C0200619D19 /* NotificationsViewController.swift */ = {isa = PBXFileReference; lastKnownFileType = sourcecode.swift; path = NotificationsViewController.swift; sourceTree = "<group>"; };
		64F1A15B275A5FDA0078D1F4 /* ErrorsViewController.swift */ = {isa = PBXFileReference; lastKnownFileType = sourcecode.swift; path = ErrorsViewController.swift; sourceTree = "<group>"; };
		64F1A15C275A5FDA0078D1F4 /* ErrorsViewController.xib */ = {isa = PBXFileReference; lastKnownFileType = file.xib; path = ErrorsViewController.xib; sourceTree = "<group>"; };
		64F1A161275A6B150078D1F4 /* Tools.swift */ = {isa = PBXFileReference; lastKnownFileType = sourcecode.swift; path = Tools.swift; sourceTree = "<group>"; };
		6978C9A1EFE695430AE6D976 /* Pods_Na_at_Proto2Tests.framework */ = {isa = PBXFileReference; explicitFileType = wrapper.framework; includeInIndex = 0; path = Pods_Na_at_Proto2Tests.framework; sourceTree = BUILT_PRODUCTS_DIR; };
		9A28140AA98EE758DADA9CF0 /* Pods-Na-at Proto2.debug.xcconfig */ = {isa = PBXFileReference; includeInIndex = 1; lastKnownFileType = text.xcconfig; name = "Pods-Na-at Proto2.debug.xcconfig"; path = "Target Support Files/Pods-Na-at Proto2/Pods-Na-at Proto2.debug.xcconfig"; sourceTree = "<group>"; };
		A924DE919A16BB867EE1F403 /* Pods-Na-at Proto2-Na-at Proto2UITests.debug.xcconfig */ = {isa = PBXFileReference; includeInIndex = 1; lastKnownFileType = text.xcconfig; name = "Pods-Na-at Proto2-Na-at Proto2UITests.debug.xcconfig"; path = "Target Support Files/Pods-Na-at Proto2-Na-at Proto2UITests/Pods-Na-at Proto2-Na-at Proto2UITests.debug.xcconfig"; sourceTree = "<group>"; };
		CE4B13FD4734C5CF2CEEC3E6 /* Pods-Na-at Proto2.release.xcconfig */ = {isa = PBXFileReference; includeInIndex = 1; lastKnownFileType = text.xcconfig; name = "Pods-Na-at Proto2.release.xcconfig"; path = "Target Support Files/Pods-Na-at Proto2/Pods-Na-at Proto2.release.xcconfig"; sourceTree = "<group>"; };
		E39FB0A1B0DC51579181F375 /* Pods_Na_at_Proto2_Na_at_Proto2UITests.framework */ = {isa = PBXFileReference; explicitFileType = wrapper.framework; includeInIndex = 0; path = Pods_Na_at_Proto2_Na_at_Proto2UITests.framework; sourceTree = BUILT_PRODUCTS_DIR; };
/* End PBXFileReference section */

/* Begin PBXFrameworksBuildPhase section */
		6487058E273AC9FD00670137 /* Frameworks */ = {
			isa = PBXFrameworksBuildPhase;
			buildActionMask = 2147483647;
			files = (
				2BEBA1AFA8938F9F7CCCECDC /* Pods_Na_at_Proto2.framework in Frameworks */,
			);
			runOnlyForDeploymentPostprocessing = 0;
		};
		648705A4273AC9FE00670137 /* Frameworks */ = {
			isa = PBXFrameworksBuildPhase;
			buildActionMask = 2147483647;
			files = (
				B4EC3238306B53FE85CDEEBA /* Pods_Na_at_Proto2Tests.framework in Frameworks */,
			);
			runOnlyForDeploymentPostprocessing = 0;
		};
		648705AF273AC9FE00670137 /* Frameworks */ = {
			isa = PBXFrameworksBuildPhase;
			buildActionMask = 2147483647;
			files = (
				AF6DDF7AADD3F24A842BC51B /* Pods_Na_at_Proto2_Na_at_Proto2UITests.framework in Frameworks */,
			);
			runOnlyForDeploymentPostprocessing = 0;
		};
/* End PBXFrameworksBuildPhase section */

/* Begin PBXGroup section */
		2C699A774310483F42B88946 /* Frameworks */ = {
			isa = PBXGroup;
			children = (
				067168FF2BEFFBF426DA2C8E /* Pods_Na_at_Proto2.framework */,
				E39FB0A1B0DC51579181F375 /* Pods_Na_at_Proto2_Na_at_Proto2UITests.framework */,
				6978C9A1EFE695430AE6D976 /* Pods_Na_at_Proto2Tests.framework */,
			);
			name = Frameworks;
			sourceTree = "<group>";
		};
		64870588273AC9FD00670137 = {
			isa = PBXGroup;
			children = (
				64870593273AC9FD00670137 /* Na-at Proto2 */,
				648705AA273AC9FE00670137 /* Na-at Proto2Tests */,
				648705B5273AC9FE00670137 /* Na-at Proto2UITests */,
				64870592273AC9FD00670137 /* Products */,
				8E75028827949C56E61B1654 /* Pods */,
				2C699A774310483F42B88946 /* Frameworks */,
			);
			sourceTree = "<group>";
		};
		64870592273AC9FD00670137 /* Products */ = {
			isa = PBXGroup;
			children = (
				64870591273AC9FD00670137 /* Na-at Proto2.app */,
				648705A7273AC9FE00670137 /* Na-at Proto2Tests.xctest */,
				648705B2273AC9FE00670137 /* Na-at Proto2UITests.xctest */,
			);
			name = Products;
			sourceTree = "<group>";
		};
		64870593273AC9FD00670137 /* Na-at Proto2 */ = {
			isa = PBXGroup;
			children = (
				648B81342748024D00690F97 /* Tools */,
				64A2A126273DE47100002EE1 /* resources */,
				648705C6273ACA1C00670137 /* presenter */,
				648705C4273ACA0F00670137 /* view */,
				6487059F273AC9FE00670137 /* LaunchScreen.storyboard */,
			);
			path = "Na-at Proto2";
			sourceTree = "<group>";
		};
		648705AA273AC9FE00670137 /* Na-at Proto2Tests */ = {
			isa = PBXGroup;
			children = (
				648705AB273AC9FE00670137 /* Na_at_Proto2Tests.swift */,
				648705AD273AC9FE00670137 /* Info.plist */,
			);
			path = "Na-at Proto2Tests";
			sourceTree = "<group>";
		};
		648705B5273AC9FE00670137 /* Na-at Proto2UITests */ = {
			isa = PBXGroup;
			children = (
				648705B6273AC9FE00670137 /* Na_at_Proto2UITests.swift */,
				648705B8273AC9FE00670137 /* Info.plist */,
			);
			path = "Na-at Proto2UITests";
			sourceTree = "<group>";
		};
		648705C4273ACA0F00670137 /* view */ = {
			isa = PBXGroup;
			children = (
				648B81352748095000690F97 /* cell */,
				6487059A273AC9FD00670137 /* Main.storyboard */,
				648705D7273AF1A500670137 /* ContentHeaders.swift */,
				648705D9273AF1B300670137 /* ContentHeaders.xib */,
				646F019427610CEC00C54D78 /* HeaderLastDayRecordView.swift */,
				646F019527610CEC00C54D78 /* HeaderLastDayRecordView.xib */,
			);
			path = view;
			sourceTree = "<group>";
		};
		648705C5273ACA1700670137 /* model */ = {
			isa = PBXGroup;
			children = (
			);
			path = model;
			sourceTree = "<group>";
		};
		648705C6273ACA1C00670137 /* presenter */ = {
			isa = PBXGroup;
			children = (
				64870598273AC9FD00670137 /* ViewController.swift */,
				648705DB273AFD1300670137 /* LoginViewController.swift */,
				648705DD273AFE3F00670137 /* ViewControllerRoot.swift */,
				648705DF273B0C1D00670137 /* MainTabViewController.swift */,
				64AAE668273C3B3D00619D19 /* ActyvityViewController.swift */,
				64AAE66A273C3C0200619D19 /* NotificationsViewController.swift */,
				64A2A115273DAF2100002EE1 /* NewsDetailViewController.swift */,
				648368AF273EBBFD00C9F570 /* ClientsViewController.swift */,
				648368B9273EF6CF00C9F570 /* ProjectsViewController.swift */,
				648368BB273F2E6A00C9F570 /* ActivityHourViewController.swift */,
				647AC6CD2744751000EA81DB /* GenericViewController.swift */,
				64A591E92745841D00A4513D /* ResumeActivityViewController.swift */,
				648705C5273ACA1700670137 /* model */,
				646977292757CEF90006EF01 /* HoursRecordedScreenViewController.swift */,
			);
			path = presenter;
			sourceTree = "<group>";
		};
		648B81342748024D00690F97 /* Tools */ = {
			isa = PBXGroup;
			children = (
				64A3B3582746D62D001B8990 /* GlobalParameters.swift */,
				648705E3273B2DFF00670137 /* Structure.swift */,
				648705E1273B1E4D00670137 /* Service.swift */,
				64870596273AC9FD00670137 /* SceneDelegate.swift */,
				642BDC36273C983800464BA6 /* GoogleService-Info.plist */,
				64870594273AC9FD00670137 /* AppDelegate.swift */,
				648B8138274833EC00690F97 /* UnderlineText.swift */,
				64F1A161275A6B150078D1F4 /* Tools.swift */,
			);
			path = Tools;
			sourceTree = "<group>";
		};
		648B81352748095000690F97 /* cell */ = {
			isa = PBXGroup;
			children = (
				648B8137274809A600690F97 /* SwiftCell */,
				648B81362748098E00690F97 /* ViewCell */,
			);
			path = cell;
			sourceTree = "<group>";
		};
		648B81362748098E00690F97 /* ViewCell */ = {
			isa = PBXGroup;
			children = (
				640DBD3E275934FB00DCA3C6 /* ActivityRecordViewCell.xib */,
				64F1A15C275A5FDA0078D1F4 /* ErrorsViewController.xib */,
				6419F7A8275AD11100A938BF /* HeaderActivityRecordViewCell.xib */,
				648B9177274DB5BA00CD65C4 /* HeaderDateView.xib */,
				648368B6273EF5A900C9F570 /* CellActivitiesTableViewCell.xib */,
				648705CC273AE69A00670137 /* CustomTableViewCell.xib */,
				648368B2273ECB7700C9F570 /* ProjectsTableViewCell.xib */,
				64A591E62745794500A4513D /* HeaderTableViewCell.xib */,
				648B9173274DA12700CD65C4 /* SecondHeaderView.xib */,
				64A3B3552746CA8A001B8990 /* CellActivityResumeTableViewCell.xib */,
				642989072750164F00871D0A /* NotificationsCellTableViewCell.xib */,
				646FE84F2762FF2D00F53E4D /* ResumeCellTableViewCell.xib */,
				646FE852276317D900F53E4D /* HeaderResumeTableViewCell.swift */,
				646FE853276317D900F53E4D /* HeaderResumeTableViewCell.xib */,
			);
			path = ViewCell;
			sourceTree = "<group>";
		};
		648B8137274809A600690F97 /* SwiftCell */ = {
			isa = PBXGroup;
			children = (
				64A591E52745794500A4513D /* HeaderTableViewCell.swift */,
				648368B5273EF5A900C9F570 /* CellActivitiesTableViewCell.swift */,
				648368B1273ECB7700C9F570 /* ProjectsTableViewCell.swift */,
				648705CB273AE69A00670137 /* CustomTableViewCell.swift */,
				64A3B3542746CA8A001B8990 /* CellActivityResumeTableViewCell.swift */,
				648B9172274DA12700CD65C4 /* SecondHeaderView.swift */,
				648B9176274DB5BA00CD65C4 /* HeaderDateView.swift */,
				642989062750164F00871D0A /* NotificationsCellTableViewCell.swift */,
				640DBD3D275934FB00DCA3C6 /* ActivityRecordViewCell.swift */,
				64F1A15B275A5FDA0078D1F4 /* ErrorsViewController.swift */,
				646FE84E2762FF2D00F53E4D /* ResumeCellTableViewCell.swift */,
				6419F7A7275AD11100A938BF /* HeaderActivityRecordViewCell.swift */,
			);
			path = SwiftCell;
			sourceTree = "<group>";
		};
		64A2A126273DE47100002EE1 /* resources */ = {
			isa = PBXGroup;
			children = (
				6487059D273AC9FE00670137 /* Assets.xcassets */,
				648B81332748022F00690F97 /* Colours.xcassets */,
				64A2A127273DE47B00002EE1 /* fonts */,
			);
			path = resources;
			sourceTree = "<group>";
		};
		64A2A127273DE47B00002EE1 /* fonts */ = {
			isa = PBXGroup;
			children = (
				64A2A12A273DE58E00002EE1 /* Europa_Bold.ttf */,
				64A2A128273DE58E00002EE1 /* NunitoItalic.ttf */,
				64A2A12B273DE58E00002EE1 /* NunitoRegular.ttf */,
				64A2A12E273DE58E00002EE1 /* NunitoSemibold.ttf */,
				64A2A12D273DE58E00002EE1 /* Proxima_Nova_Sbold.otf */,
				64A2A129273DE58E00002EE1 /* Proxima_Nova.ttf */,
				64A2A12C273DE58E00002EE1 /* ProximaNova_Regular.ttf */,
			);
			path = fonts;
			sourceTree = "<group>";
		};
		8E75028827949C56E61B1654 /* Pods */ = {
			isa = PBXGroup;
			children = (
				9A28140AA98EE758DADA9CF0 /* Pods-Na-at Proto2.debug.xcconfig */,
				CE4B13FD4734C5CF2CEEC3E6 /* Pods-Na-at Proto2.release.xcconfig */,
				A924DE919A16BB867EE1F403 /* Pods-Na-at Proto2-Na-at Proto2UITests.debug.xcconfig */,
				489D90AECFEA87913B0DF60D /* Pods-Na-at Proto2-Na-at Proto2UITests.release.xcconfig */,
				47E500F01AEBBC2B0CBFC224 /* Pods-Na-at Proto2Tests.debug.xcconfig */,
				0C173344FF19E59A6C94BC57 /* Pods-Na-at Proto2Tests.release.xcconfig */,
			);
			path = Pods;
			sourceTree = "<group>";
		};
/* End PBXGroup section */

/* Begin PBXNativeTarget section */
		64870590273AC9FD00670137 /* Na-at Proto2 */ = {
			isa = PBXNativeTarget;
			buildConfigurationList = 648705BB273AC9FE00670137 /* Build configuration list for PBXNativeTarget "Na-at Proto2" */;
			buildPhases = (
				F57BE7E6F38953D5EC5DECAF /* [CP] Check Pods Manifest.lock */,
				6487058D273AC9FD00670137 /* Sources */,
				6487058E273AC9FD00670137 /* Frameworks */,
				6487058F273AC9FD00670137 /* Resources */,
				F001E791823E789E70B60D99 /* [CP] Embed Pods Frameworks */,
			);
			buildRules = (
			);
			dependencies = (
			);
			name = "Na-at Proto2";
			productName = "Na-at Proto2";
			productReference = 64870591273AC9FD00670137 /* Na-at Proto2.app */;
			productType = "com.apple.product-type.application";
		};
		648705A6273AC9FE00670137 /* Na-at Proto2Tests */ = {
			isa = PBXNativeTarget;
			buildConfigurationList = 648705BE273AC9FE00670137 /* Build configuration list for PBXNativeTarget "Na-at Proto2Tests" */;
			buildPhases = (
				4B01DD513B7673E641BEEC21 /* [CP] Check Pods Manifest.lock */,
				648705A3273AC9FE00670137 /* Sources */,
				648705A4273AC9FE00670137 /* Frameworks */,
				648705A5273AC9FE00670137 /* Resources */,
			);
			buildRules = (
			);
			dependencies = (
				648705A9273AC9FE00670137 /* PBXTargetDependency */,
			);
			name = "Na-at Proto2Tests";
			productName = "Na-at Proto2Tests";
			productReference = 648705A7273AC9FE00670137 /* Na-at Proto2Tests.xctest */;
			productType = "com.apple.product-type.bundle.unit-test";
		};
		648705B1273AC9FE00670137 /* Na-at Proto2UITests */ = {
			isa = PBXNativeTarget;
			buildConfigurationList = 648705C1273AC9FE00670137 /* Build configuration list for PBXNativeTarget "Na-at Proto2UITests" */;
			buildPhases = (
				51471CAC589CFF1D96B4CFFE /* [CP] Check Pods Manifest.lock */,
				648705AE273AC9FE00670137 /* Sources */,
				648705AF273AC9FE00670137 /* Frameworks */,
				648705B0273AC9FE00670137 /* Resources */,
				E59C695334C4DE6D2F814150 /* [CP] Embed Pods Frameworks */,
			);
			buildRules = (
			);
			dependencies = (
				648705B4273AC9FE00670137 /* PBXTargetDependency */,
			);
			name = "Na-at Proto2UITests";
			productName = "Na-at Proto2UITests";
			productReference = 648705B2273AC9FE00670137 /* Na-at Proto2UITests.xctest */;
			productType = "com.apple.product-type.bundle.ui-testing";
		};
/* End PBXNativeTarget section */

/* Begin PBXProject section */
		64870589273AC9FD00670137 /* Project object */ = {
			isa = PBXProject;
			attributes = {
				LastSwiftUpdateCheck = 1250;
				LastUpgradeCheck = 1250;
				TargetAttributes = {
					64870590273AC9FD00670137 = {
						CreatedOnToolsVersion = 12.5.1;
					};
					648705A6273AC9FE00670137 = {
						CreatedOnToolsVersion = 12.5.1;
						TestTargetID = 64870590273AC9FD00670137;
					};
					648705B1273AC9FE00670137 = {
						CreatedOnToolsVersion = 12.5.1;
						TestTargetID = 64870590273AC9FD00670137;
					};
				};
			};
			buildConfigurationList = 6487058C273AC9FD00670137 /* Build configuration list for PBXProject "Na-at Proto2" */;
			compatibilityVersion = "Xcode 9.3";
			developmentRegion = en;
			hasScannedForEncodings = 0;
			knownRegions = (
				en,
				Base,
			);
			mainGroup = 64870588273AC9FD00670137;
			productRefGroup = 64870592273AC9FD00670137 /* Products */;
			projectDirPath = "";
			projectRoot = "";
			targets = (
				64870590273AC9FD00670137 /* Na-at Proto2 */,
				648705A6273AC9FE00670137 /* Na-at Proto2Tests */,
				648705B1273AC9FE00670137 /* Na-at Proto2UITests */,
			);
		};
/* End PBXProject section */

/* Begin PBXResourcesBuildPhase section */
		6487058F273AC9FD00670137 /* Resources */ = {
			isa = PBXResourcesBuildPhase;
			buildActionMask = 2147483647;
			files = (
				6419F7AA275AD11100A938BF /* HeaderActivityRecordViewCell.xib in Resources */,
				64A2A133273DE58E00002EE1 /* ProximaNova_Regular.ttf in Resources */,
				642BDC37273C983800464BA6 /* GoogleService-Info.plist in Resources */,
				64A2A135273DE58E00002EE1 /* NunitoSemibold.ttf in Resources */,
				64A591E82745794500A4513D /* HeaderTableViewCell.xib in Resources */,
				646F019727610CEC00C54D78 /* HeaderLastDayRecordView.xib in Resources */,
				648705DA273AF1B300670137 /* ContentHeaders.xib in Resources */,
				648705A1273AC9FE00670137 /* LaunchScreen.storyboard in Resources */,
				648705CE273AE69A00670137 /* CustomTableViewCell.xib in Resources */,
				648B9179274DB5BA00CD65C4 /* HeaderDateView.xib in Resources */,
				640DBD40275934FB00DCA3C6 /* ActivityRecordViewCell.xib in Resources */,
				646FE855276317D900F53E4D /* HeaderResumeTableViewCell.xib in Resources */,
				642989092750164F00871D0A /* NotificationsCellTableViewCell.xib in Resources */,
				648B9175274DA12700CD65C4 /* SecondHeaderView.xib in Resources */,
				646FE8512762FF2D00F53E4D /* ResumeCellTableViewCell.xib in Resources */,
				6487059E273AC9FE00670137 /* Assets.xcassets in Resources */,
				64A2A131273DE58E00002EE1 /* Europa_Bold.ttf in Resources */,
				64F1A15E275A5FDA0078D1F4 /* ErrorsViewController.xib in Resources */,
				6487059C273AC9FD00670137 /* Main.storyboard in Resources */,
				64A2A132273DE58E00002EE1 /* NunitoRegular.ttf in Resources */,
				64A2A130273DE58E00002EE1 /* Proxima_Nova.ttf in Resources */,
				648368B8273EF5A900C9F570 /* CellActivitiesTableViewCell.xib in Resources */,
				64A2A134273DE58E00002EE1 /* Proxima_Nova_Sbold.otf in Resources */,
				64A2A12F273DE58E00002EE1 /* NunitoItalic.ttf in Resources */,
				648368B4273ECB7700C9F570 /* ProjectsTableViewCell.xib in Resources */,
				64A3B3572746CA8A001B8990 /* CellActivityResumeTableViewCell.xib in Resources */,
			);
			runOnlyForDeploymentPostprocessing = 0;
		};
		648705A5273AC9FE00670137 /* Resources */ = {
			isa = PBXResourcesBuildPhase;
			buildActionMask = 2147483647;
			files = (
			);
			runOnlyForDeploymentPostprocessing = 0;
		};
		648705B0273AC9FE00670137 /* Resources */ = {
			isa = PBXResourcesBuildPhase;
			buildActionMask = 2147483647;
			files = (
			);
			runOnlyForDeploymentPostprocessing = 0;
		};
/* End PBXResourcesBuildPhase section */

/* Begin PBXShellScriptBuildPhase section */
		4B01DD513B7673E641BEEC21 /* [CP] Check Pods Manifest.lock */ = {
			isa = PBXShellScriptBuildPhase;
			buildActionMask = 2147483647;
			files = (
			);
			inputFileListPaths = (
			);
			inputPaths = (
				"${PODS_PODFILE_DIR_PATH}/Podfile.lock",
				"${PODS_ROOT}/Manifest.lock",
			);
			name = "[CP] Check Pods Manifest.lock";
			outputFileListPaths = (
			);
			outputPaths = (
				"$(DERIVED_FILE_DIR)/Pods-Na-at Proto2Tests-checkManifestLockResult.txt",
			);
			runOnlyForDeploymentPostprocessing = 0;
			shellPath = /bin/sh;
			shellScript = "diff \"${PODS_PODFILE_DIR_PATH}/Podfile.lock\" \"${PODS_ROOT}/Manifest.lock\" > /dev/null\nif [ $? != 0 ] ; then\n    # print error to STDERR\n    echo \"error: The sandbox is not in sync with the Podfile.lock. Run 'pod install' or update your CocoaPods installation.\" >&2\n    exit 1\nfi\n# This output is used by Xcode 'outputs' to avoid re-running this script phase.\necho \"SUCCESS\" > \"${SCRIPT_OUTPUT_FILE_0}\"\n";
			showEnvVarsInLog = 0;
		};
		51471CAC589CFF1D96B4CFFE /* [CP] Check Pods Manifest.lock */ = {
			isa = PBXShellScriptBuildPhase;
			buildActionMask = 2147483647;
			files = (
			);
			inputFileListPaths = (
			);
			inputPaths = (
				"${PODS_PODFILE_DIR_PATH}/Podfile.lock",
				"${PODS_ROOT}/Manifest.lock",
			);
			name = "[CP] Check Pods Manifest.lock";
			outputFileListPaths = (
			);
			outputPaths = (
				"$(DERIVED_FILE_DIR)/Pods-Na-at Proto2-Na-at Proto2UITests-checkManifestLockResult.txt",
			);
			runOnlyForDeploymentPostprocessing = 0;
			shellPath = /bin/sh;
			shellScript = "diff \"${PODS_PODFILE_DIR_PATH}/Podfile.lock\" \"${PODS_ROOT}/Manifest.lock\" > /dev/null\nif [ $? != 0 ] ; then\n    # print error to STDERR\n    echo \"error: The sandbox is not in sync with the Podfile.lock. Run 'pod install' or update your CocoaPods installation.\" >&2\n    exit 1\nfi\n# This output is used by Xcode 'outputs' to avoid re-running this script phase.\necho \"SUCCESS\" > \"${SCRIPT_OUTPUT_FILE_0}\"\n";
			showEnvVarsInLog = 0;
		};
		E59C695334C4DE6D2F814150 /* [CP] Embed Pods Frameworks */ = {
			isa = PBXShellScriptBuildPhase;
			buildActionMask = 2147483647;
			files = (
			);
			inputFileListPaths = (
				"${PODS_ROOT}/Target Support Files/Pods-Na-at Proto2-Na-at Proto2UITests/Pods-Na-at Proto2-Na-at Proto2UITests-frameworks-${CONFIGURATION}-input-files.xcfilelist",
			);
			name = "[CP] Embed Pods Frameworks";
			outputFileListPaths = (
				"${PODS_ROOT}/Target Support Files/Pods-Na-at Proto2-Na-at Proto2UITests/Pods-Na-at Proto2-Na-at Proto2UITests-frameworks-${CONFIGURATION}-output-files.xcfilelist",
			);
			runOnlyForDeploymentPostprocessing = 0;
			shellPath = /bin/sh;
			shellScript = "\"${PODS_ROOT}/Target Support Files/Pods-Na-at Proto2-Na-at Proto2UITests/Pods-Na-at Proto2-Na-at Proto2UITests-frameworks.sh\"\n";
			showEnvVarsInLog = 0;
		};
		F001E791823E789E70B60D99 /* [CP] Embed Pods Frameworks */ = {
			isa = PBXShellScriptBuildPhase;
			buildActionMask = 2147483647;
			files = (
			);
			inputFileListPaths = (
				"${PODS_ROOT}/Target Support Files/Pods-Na-at Proto2/Pods-Na-at Proto2-frameworks-${CONFIGURATION}-input-files.xcfilelist",
			);
			name = "[CP] Embed Pods Frameworks";
			outputFileListPaths = (
				"${PODS_ROOT}/Target Support Files/Pods-Na-at Proto2/Pods-Na-at Proto2-frameworks-${CONFIGURATION}-output-files.xcfilelist",
			);
			runOnlyForDeploymentPostprocessing = 0;
			shellPath = /bin/sh;
			shellScript = "\"${PODS_ROOT}/Target Support Files/Pods-Na-at Proto2/Pods-Na-at Proto2-frameworks.sh\"\n";
			showEnvVarsInLog = 0;
		};
		F57BE7E6F38953D5EC5DECAF /* [CP] Check Pods Manifest.lock */ = {
			isa = PBXShellScriptBuildPhase;
			buildActionMask = 2147483647;
			files = (
			);
			inputFileListPaths = (
			);
			inputPaths = (
				"${PODS_PODFILE_DIR_PATH}/Podfile.lock",
				"${PODS_ROOT}/Manifest.lock",
			);
			name = "[CP] Check Pods Manifest.lock";
			outputFileListPaths = (
			);
			outputPaths = (
				"$(DERIVED_FILE_DIR)/Pods-Na-at Proto2-checkManifestLockResult.txt",
			);
			runOnlyForDeploymentPostprocessing = 0;
			shellPath = /bin/sh;
			shellScript = "diff \"${PODS_PODFILE_DIR_PATH}/Podfile.lock\" \"${PODS_ROOT}/Manifest.lock\" > /dev/null\nif [ $? != 0 ] ; then\n    # print error to STDERR\n    echo \"error: The sandbox is not in sync with the Podfile.lock. Run 'pod install' or update your CocoaPods installation.\" >&2\n    exit 1\nfi\n# This output is used by Xcode 'outputs' to avoid re-running this script phase.\necho \"SUCCESS\" > \"${SCRIPT_OUTPUT_FILE_0}\"\n";
			showEnvVarsInLog = 0;
		};
/* End PBXShellScriptBuildPhase section */

/* Begin PBXSourcesBuildPhase section */
		6487058D273AC9FD00670137 /* Sources */ = {
			isa = PBXSourcesBuildPhase;
			buildActionMask = 2147483647;
			files = (
				648705DC273AFD1300670137 /* LoginViewController.swift in Sources */,
				6419F7A9275AD11100A938BF /* HeaderActivityRecordViewCell.swift in Sources */,
				648B9178274DB5BA00CD65C4 /* HeaderDateView.swift in Sources */,
				6469772A2757CEF90006EF01 /* HoursRecordedScreenViewController.swift in Sources */,
				648B8139274833EC00690F97 /* UnderlineText.swift in Sources */,
				640DBD3F275934FB00DCA3C6 /* ActivityRecordViewCell.swift in Sources */,
				64A3B3592746D62D001B8990 /* GlobalParameters.swift in Sources */,
				648368BA273EF6CF00C9F570 /* ProjectsViewController.swift in Sources */,
				646FE8502762FF2D00F53E4D /* ResumeCellTableViewCell.swift in Sources */,
				648705E0273B0C1D00670137 /* MainTabViewController.swift in Sources */,
				64870599273AC9FD00670137 /* ViewController.swift in Sources */,
				64AAE66B273C3C0200619D19 /* NotificationsViewController.swift in Sources */,
				646F019627610CEC00C54D78 /* HeaderLastDayRecordView.swift in Sources */,
				646FE854276317D900F53E4D /* HeaderResumeTableViewCell.swift in Sources */,
				648705D8273AF1A500670137 /* ContentHeaders.swift in Sources */,
				64F1A15D275A5FDA0078D1F4 /* ErrorsViewController.swift in Sources */,
				647AC6CE2744751000EA81DB /* GenericViewController.swift in Sources */,
				648B9174274DA12700CD65C4 /* SecondHeaderView.swift in Sources */,
				64AAE669273C3B3D00619D19 /* ActyvityViewController.swift in Sources */,
				648368B0273EBBFD00C9F570 /* ClientsViewController.swift in Sources */,
				648368B3273ECB7700C9F570 /* ProjectsTableViewCell.swift in Sources */,
				64A591EA2745841D00A4513D /* ResumeActivityViewController.swift in Sources */,
				642989082750164F00871D0A /* NotificationsCellTableViewCell.swift in Sources */,
				64A3B3562746CA8A001B8990 /* CellActivityResumeTableViewCell.swift in Sources */,
				648368B7273EF5A900C9F570 /* CellActivitiesTableViewCell.swift in Sources */,
				64A2A116273DAF2100002EE1 /* NewsDetailViewController.swift in Sources */,
				648705DE273AFE3F00670137 /* ViewControllerRoot.swift in Sources */,
				648705E2273B1E4D00670137 /* Service.swift in Sources */,
				64870595273AC9FD00670137 /* AppDelegate.swift in Sources */,
				648705E4273B2E0000670137 /* Structure.swift in Sources */,
				64F1A162275A6B150078D1F4 /* Tools.swift in Sources */,
				64A591E72745794500A4513D /* HeaderTableViewCell.swift in Sources */,
				648705CD273AE69A00670137 /* CustomTableViewCell.swift in Sources */,
				648368BC273F2E6A00C9F570 /* ActivityHourViewController.swift in Sources */,
				64870597273AC9FD00670137 /* SceneDelegate.swift in Sources */,
			);
			runOnlyForDeploymentPostprocessing = 0;
		};
		648705A3273AC9FE00670137 /* Sources */ = {
			isa = PBXSourcesBuildPhase;
			buildActionMask = 2147483647;
			files = (
				648705AC273AC9FE00670137 /* Na_at_Proto2Tests.swift in Sources */,
			);
			runOnlyForDeploymentPostprocessing = 0;
		};
		648705AE273AC9FE00670137 /* Sources */ = {
			isa = PBXSourcesBuildPhase;
			buildActionMask = 2147483647;
			files = (
				648705B7273AC9FE00670137 /* Na_at_Proto2UITests.swift in Sources */,
			);
			runOnlyForDeploymentPostprocessing = 0;
		};
/* End PBXSourcesBuildPhase section */

/* Begin PBXTargetDependency section */
		648705A9273AC9FE00670137 /* PBXTargetDependency */ = {
			isa = PBXTargetDependency;
			target = 64870590273AC9FD00670137 /* Na-at Proto2 */;
			targetProxy = 648705A8273AC9FE00670137 /* PBXContainerItemProxy */;
		};
		648705B4273AC9FE00670137 /* PBXTargetDependency */ = {
			isa = PBXTargetDependency;
			target = 64870590273AC9FD00670137 /* Na-at Proto2 */;
			targetProxy = 648705B3273AC9FE00670137 /* PBXContainerItemProxy */;
		};
/* End PBXTargetDependency section */

/* Begin PBXVariantGroup section */
		6487059A273AC9FD00670137 /* Main.storyboard */ = {
			isa = PBXVariantGroup;
			children = (
				6487059B273AC9FD00670137 /* Base */,
			);
			name = Main.storyboard;
			sourceTree = "<group>";
		};
		6487059F273AC9FE00670137 /* LaunchScreen.storyboard */ = {
			isa = PBXVariantGroup;
			children = (
				648705A0273AC9FE00670137 /* Base */,
			);
			name = LaunchScreen.storyboard;
			sourceTree = "<group>";
		};
/* End PBXVariantGroup section */

/* Begin XCBuildConfiguration section */
		648705B9273AC9FE00670137 /* Debug */ = {
			isa = XCBuildConfiguration;
			buildSettings = {
				ALWAYS_SEARCH_USER_PATHS = NO;
				CLANG_ANALYZER_NONNULL = YES;
				CLANG_ANALYZER_NUMBER_OBJECT_CONVERSION = YES_AGGRESSIVE;
				CLANG_CXX_LANGUAGE_STANDARD = "gnu++14";
				CLANG_CXX_LIBRARY = "libc++";
				CLANG_ENABLE_MODULES = YES;
				CLANG_ENABLE_OBJC_ARC = YES;
				CLANG_ENABLE_OBJC_WEAK = YES;
				CLANG_WARN_BLOCK_CAPTURE_AUTORELEASING = YES;
				CLANG_WARN_BOOL_CONVERSION = YES;
				CLANG_WARN_COMMA = YES;
				CLANG_WARN_CONSTANT_CONVERSION = YES;
				CLANG_WARN_DEPRECATED_OBJC_IMPLEMENTATIONS = YES;
				CLANG_WARN_DIRECT_OBJC_ISA_USAGE = YES_ERROR;
				CLANG_WARN_DOCUMENTATION_COMMENTS = YES;
				CLANG_WARN_EMPTY_BODY = YES;
				CLANG_WARN_ENUM_CONVERSION = YES;
				CLANG_WARN_INFINITE_RECURSION = YES;
				CLANG_WARN_INT_CONVERSION = YES;
				CLANG_WARN_NON_LITERAL_NULL_CONVERSION = YES;
				CLANG_WARN_OBJC_IMPLICIT_RETAIN_SELF = YES;
				CLANG_WARN_OBJC_LITERAL_CONVERSION = YES;
				CLANG_WARN_OBJC_ROOT_CLASS = YES_ERROR;
				CLANG_WARN_QUOTED_INCLUDE_IN_FRAMEWORK_HEADER = YES;
				CLANG_WARN_RANGE_LOOP_ANALYSIS = YES;
				CLANG_WARN_STRICT_PROTOTYPES = YES;
				CLANG_WARN_SUSPICIOUS_MOVE = YES;
				CLANG_WARN_UNGUARDED_AVAILABILITY = YES_AGGRESSIVE;
				CLANG_WARN_UNREACHABLE_CODE = YES;
				CLANG_WARN__DUPLICATE_METHOD_MATCH = YES;
				COPY_PHASE_STRIP = NO;
				DEBUG_INFORMATION_FORMAT = dwarf;
				ENABLE_STRICT_OBJC_MSGSEND = YES;
				ENABLE_TESTABILITY = YES;
				GCC_C_LANGUAGE_STANDARD = gnu11;
				GCC_DYNAMIC_NO_PIC = NO;
				GCC_NO_COMMON_BLOCKS = YES;
				GCC_OPTIMIZATION_LEVEL = 0;
				GCC_PREPROCESSOR_DEFINITIONS = (
					"DEBUG=1",
					"$(inherited)",
				);
				GCC_WARN_64_TO_32_BIT_CONVERSION = YES;
				GCC_WARN_ABOUT_RETURN_TYPE = YES_ERROR;
				GCC_WARN_UNDECLARED_SELECTOR = YES;
				GCC_WARN_UNINITIALIZED_AUTOS = YES_AGGRESSIVE;
				GCC_WARN_UNUSED_FUNCTION = YES;
				GCC_WARN_UNUSED_VARIABLE = YES;
				IPHONEOS_DEPLOYMENT_TARGET = 14.5;
				MTL_ENABLE_DEBUG_INFO = INCLUDE_SOURCE;
				MTL_FAST_MATH = YES;
				ONLY_ACTIVE_ARCH = YES;
				SDKROOT = iphoneos;
				SWIFT_ACTIVE_COMPILATION_CONDITIONS = DEBUG;
				SWIFT_OPTIMIZATION_LEVEL = "-Onone";
			};
			name = Debug;
		};
		648705BA273AC9FE00670137 /* Release */ = {
			isa = XCBuildConfiguration;
			buildSettings = {
				ALWAYS_SEARCH_USER_PATHS = NO;
				CLANG_ANALYZER_NONNULL = YES;
				CLANG_ANALYZER_NUMBER_OBJECT_CONVERSION = YES_AGGRESSIVE;
				CLANG_CXX_LANGUAGE_STANDARD = "gnu++14";
				CLANG_CXX_LIBRARY = "libc++";
				CLANG_ENABLE_MODULES = YES;
				CLANG_ENABLE_OBJC_ARC = YES;
				CLANG_ENABLE_OBJC_WEAK = YES;
				CLANG_WARN_BLOCK_CAPTURE_AUTORELEASING = YES;
				CLANG_WARN_BOOL_CONVERSION = YES;
				CLANG_WARN_COMMA = YES;
				CLANG_WARN_CONSTANT_CONVERSION = YES;
				CLANG_WARN_DEPRECATED_OBJC_IMPLEMENTATIONS = YES;
				CLANG_WARN_DIRECT_OBJC_ISA_USAGE = YES_ERROR;
				CLANG_WARN_DOCUMENTATION_COMMENTS = YES;
				CLANG_WARN_EMPTY_BODY = YES;
				CLANG_WARN_ENUM_CONVERSION = YES;
				CLANG_WARN_INFINITE_RECURSION = YES;
				CLANG_WARN_INT_CONVERSION = YES;
				CLANG_WARN_NON_LITERAL_NULL_CONVERSION = YES;
				CLANG_WARN_OBJC_IMPLICIT_RETAIN_SELF = YES;
				CLANG_WARN_OBJC_LITERAL_CONVERSION = YES;
				CLANG_WARN_OBJC_ROOT_CLASS = YES_ERROR;
				CLANG_WARN_QUOTED_INCLUDE_IN_FRAMEWORK_HEADER = YES;
				CLANG_WARN_RANGE_LOOP_ANALYSIS = YES;
				CLANG_WARN_STRICT_PROTOTYPES = YES;
				CLANG_WARN_SUSPICIOUS_MOVE = YES;
				CLANG_WARN_UNGUARDED_AVAILABILITY = YES_AGGRESSIVE;
				CLANG_WARN_UNREACHABLE_CODE = YES;
				CLANG_WARN__DUPLICATE_METHOD_MATCH = YES;
				COPY_PHASE_STRIP = NO;
				DEBUG_INFORMATION_FORMAT = "dwarf-with-dsym";
				ENABLE_NS_ASSERTIONS = NO;
				ENABLE_STRICT_OBJC_MSGSEND = YES;
				GCC_C_LANGUAGE_STANDARD = gnu11;
				GCC_NO_COMMON_BLOCKS = YES;
				GCC_WARN_64_TO_32_BIT_CONVERSION = YES;
				GCC_WARN_ABOUT_RETURN_TYPE = YES_ERROR;
				GCC_WARN_UNDECLARED_SELECTOR = YES;
				GCC_WARN_UNINITIALIZED_AUTOS = YES_AGGRESSIVE;
				GCC_WARN_UNUSED_FUNCTION = YES;
				GCC_WARN_UNUSED_VARIABLE = YES;
				IPHONEOS_DEPLOYMENT_TARGET = 14.5;
				MTL_ENABLE_DEBUG_INFO = NO;
				MTL_FAST_MATH = YES;
				SDKROOT = iphoneos;
				SWIFT_COMPILATION_MODE = wholemodule;
				SWIFT_OPTIMIZATION_LEVEL = "-O";
				VALIDATE_PRODUCT = YES;
			};
			name = Release;
		};
		648705BC273AC9FE00670137 /* Debug */ = {
			isa = XCBuildConfiguration;
			baseConfigurationReference = 9A28140AA98EE758DADA9CF0 /* Pods-Na-at Proto2.debug.xcconfig */;
			buildSettings = {
				ASSETCATALOG_COMPILER_APPICON_NAME = AppIcon;
				ASSETCATALOG_COMPILER_GLOBAL_ACCENT_COLOR_NAME = AccentColor;
				CODE_SIGN_STYLE = Automatic;
				INFOPLIST_FILE = "Na-at Proto2/Info.plist";
				LD_RUNPATH_SEARCH_PATHS = (
					"$(inherited)",
					"@executable_path/Frameworks",
				);
				PRODUCT_BUNDLE_IDENTIFIER = "com.na-at.ejemplo.Na-at-Proto2";
				PRODUCT_NAME = "$(TARGET_NAME)";
				SWIFT_VERSION = 5.0;
				TARGETED_DEVICE_FAMILY = "1,2";
			};
			name = Debug;
		};
		648705BD273AC9FE00670137 /* Release */ = {
			isa = XCBuildConfiguration;
			baseConfigurationReference = CE4B13FD4734C5CF2CEEC3E6 /* Pods-Na-at Proto2.release.xcconfig */;
			buildSettings = {
				ASSETCATALOG_COMPILER_APPICON_NAME = AppIcon;
				ASSETCATALOG_COMPILER_GLOBAL_ACCENT_COLOR_NAME = AccentColor;
				CODE_SIGN_STYLE = Automatic;
				INFOPLIST_FILE = "Na-at Proto2/Info.plist";
				LD_RUNPATH_SEARCH_PATHS = (
					"$(inherited)",
					"@executable_path/Frameworks",
				);
				PRODUCT_BUNDLE_IDENTIFIER = "com.na-at.ejemplo.Na-at-Proto2";
				PRODUCT_NAME = "$(TARGET_NAME)";
				SWIFT_VERSION = 5.0;
				TARGETED_DEVICE_FAMILY = "1,2";
			};
			name = Release;
		};
		648705BF273AC9FE00670137 /* Debug */ = {
			isa = XCBuildConfiguration;
			baseConfigurationReference = 47E500F01AEBBC2B0CBFC224 /* Pods-Na-at Proto2Tests.debug.xcconfig */;
			buildSettings = {
				ALWAYS_EMBED_SWIFT_STANDARD_LIBRARIES = YES;
				BUNDLE_LOADER = "$(TEST_HOST)";
				CODE_SIGN_STYLE = Automatic;
				INFOPLIST_FILE = "Na-at Proto2Tests/Info.plist";
				IPHONEOS_DEPLOYMENT_TARGET = 14.5;
				LD_RUNPATH_SEARCH_PATHS = (
					"$(inherited)",
					"@executable_path/Frameworks",
					"@loader_path/Frameworks",
				);
				PRODUCT_BUNDLE_IDENTIFIER = "com.na-at.ejemplo.Na-at-Proto2Tests";
				PRODUCT_NAME = "$(TARGET_NAME)";
				SWIFT_VERSION = 5.0;
				TARGETED_DEVICE_FAMILY = "1,2";
				TEST_HOST = "$(BUILT_PRODUCTS_DIR)/Na-at Proto2.app/Na-at Proto2";
			};
			name = Debug;
		};
		648705C0273AC9FE00670137 /* Release */ = {
			isa = XCBuildConfiguration;
			baseConfigurationReference = 0C173344FF19E59A6C94BC57 /* Pods-Na-at Proto2Tests.release.xcconfig */;
			buildSettings = {
				ALWAYS_EMBED_SWIFT_STANDARD_LIBRARIES = YES;
				BUNDLE_LOADER = "$(TEST_HOST)";
				CODE_SIGN_STYLE = Automatic;
				INFOPLIST_FILE = "Na-at Proto2Tests/Info.plist";
				IPHONEOS_DEPLOYMENT_TARGET = 14.5;
				LD_RUNPATH_SEARCH_PATHS = (
					"$(inherited)",
					"@executable_path/Frameworks",
					"@loader_path/Frameworks",
				);
				PRODUCT_BUNDLE_IDENTIFIER = "com.na-at.ejemplo.Na-at-Proto2Tests";
				PRODUCT_NAME = "$(TARGET_NAME)";
				SWIFT_VERSION = 5.0;
				TARGETED_DEVICE_FAMILY = "1,2";
				TEST_HOST = "$(BUILT_PRODUCTS_DIR)/Na-at Proto2.app/Na-at Proto2";
			};
			name = Release;
		};
		648705C2273AC9FE00670137 /* Debug */ = {
			isa = XCBuildConfiguration;
			baseConfigurationReference = A924DE919A16BB867EE1F403 /* Pods-Na-at Proto2-Na-at Proto2UITests.debug.xcconfig */;
			buildSettings = {
				ALWAYS_EMBED_SWIFT_STANDARD_LIBRARIES = YES;
				CODE_SIGN_STYLE = Automatic;
				INFOPLIST_FILE = "Na-at Proto2UITests/Info.plist";
				LD_RUNPATH_SEARCH_PATHS = (
					"$(inherited)",
					"@executable_path/Frameworks",
					"@loader_path/Frameworks",
				);
				PRODUCT_BUNDLE_IDENTIFIER = "com.na-at.ejemplo.Na-at-Proto2UITests";
				PRODUCT_NAME = "$(TARGET_NAME)";
				SWIFT_VERSION = 5.0;
				TARGETED_DEVICE_FAMILY = "1,2";
				TEST_TARGET_NAME = "Na-at Proto2";
			};
			name = Debug;
		};
		648705C3273AC9FE00670137 /* Release */ = {
			isa = XCBuildConfiguration;
			baseConfigurationReference = 489D90AECFEA87913B0DF60D /* Pods-Na-at Proto2-Na-at Proto2UITests.release.xcconfig */;
			buildSettings = {
				ALWAYS_EMBED_SWIFT_STANDARD_LIBRARIES = YES;
				CODE_SIGN_STYLE = Automatic;
				INFOPLIST_FILE = "Na-at Proto2UITests/Info.plist";
				LD_RUNPATH_SEARCH_PATHS = (
					"$(inherited)",
					"@executable_path/Frameworks",
					"@loader_path/Frameworks",
				);
				PRODUCT_BUNDLE_IDENTIFIER = "com.na-at.ejemplo.Na-at-Proto2UITests";
				PRODUCT_NAME = "$(TARGET_NAME)";
				SWIFT_VERSION = 5.0;
				TARGETED_DEVICE_FAMILY = "1,2";
				TEST_TARGET_NAME = "Na-at Proto2";
			};
			name = Release;
		};
/* End XCBuildConfiguration section */

/* Begin XCConfigurationList section */
		6487058C273AC9FD00670137 /* Build configuration list for PBXProject "Na-at Proto2" */ = {
			isa = XCConfigurationList;
			buildConfigurations = (
				648705B9273AC9FE00670137 /* Debug */,
				648705BA273AC9FE00670137 /* Release */,
			);
			defaultConfigurationIsVisible = 0;
			defaultConfigurationName = Release;
		};
		648705BB273AC9FE00670137 /* Build configuration list for PBXNativeTarget "Na-at Proto2" */ = {
			isa = XCConfigurationList;
			buildConfigurations = (
				648705BC273AC9FE00670137 /* Debug */,
				648705BD273AC9FE00670137 /* Release */,
			);
			defaultConfigurationIsVisible = 0;
			defaultConfigurationName = Release;
		};
		648705BE273AC9FE00670137 /* Build configuration list for PBXNativeTarget "Na-at Proto2Tests" */ = {
			isa = XCConfigurationList;
			buildConfigurations = (
				648705BF273AC9FE00670137 /* Debug */,
				648705C0273AC9FE00670137 /* Release */,
			);
			defaultConfigurationIsVisible = 0;
			defaultConfigurationName = Release;
		};
		648705C1273AC9FE00670137 /* Build configuration list for PBXNativeTarget "Na-at Proto2UITests" */ = {
			isa = XCConfigurationList;
			buildConfigurations = (
				648705C2273AC9FE00670137 /* Debug */,
				648705C3273AC9FE00670137 /* Release */,
			);
			defaultConfigurationIsVisible = 0;
			defaultConfigurationName = Release;
		};
/* End XCConfigurationList section */
	};
	rootObject = 64870589273AC9FD00670137 /* Project object */;
}
